PODS:
  - Flutter (1.0.0)
  - flutter_tencent_captcha (0.0.1):
    - Flutter

DEPENDENCIES:
  - Flutter (from `Flutter`)
  - flutter_tencent_captcha (from `.symlinks/plugins/flutter_tencent_captcha/ios`)

EXTERNAL SOURCES:
  Flutter:
    :path: Flutter
  flutter_tencent_captcha:
    :path: ".symlinks/plugins/flutter_tencent_captcha/ios"

SPEC CHECKSUMS:
  Flutter: 0e3d915762c693b495b44d77113d4970485de6ec
  flutter_tencent_captcha: 4853c2caa88a285990eb470f26ba7568f26689b4

PODFILE CHECKSUM: f32fb4e7c14f8b3ca19a369d7be425dd9241af27

COCOAPODS: 1.9.1
