PODS:
  - Flutter (1.0.0)
  - flutter_tencent_captcha (0.0.1):
    - Flutter

DEPENDENCIES:
  - Flutter (from `Flutter`)
  - flutter_tencent_captcha (from `.symlinks/plugins/flutter_tencent_captcha/ios`)

EXTERNAL SOURCES:
  Flutter:
    :path: Flutter
  flutter_tencent_captcha:
    :path: ".symlinks/plugins/flutter_tencent_captcha/ios"

SPEC CHECKSUMS:
  Flutter: 434fef37c0980e73bb6479ef766c45957d4b510c
  flutter_tencent_captcha: 4853c2caa88a285990eb470f26ba7568f26689b4

PODFILE CHECKSUM: b1f7a399522c118a74b177b13c01eca692aa7e6d

COCOAPODS: 1.10.1
